// !$*UTF8*$!
{
	archiveVersion = 1;
	classes = {
	};
	objectVersion = 77;
	objects = {

/* Begin PBXBuildFile section */
		288FF0AD2FCDF306005BB46D /* AppDelegate.swift in Sources */ = {isa = PBXBuildFile; fileRef = 288FF0AC2FCDF306005BB46D /* AppDelegate.swift */; };
		288FF0B12FCDF306005BB46D /* Main.html in Resources */ = {isa = PBXBuildFile; fileRef = 288FF0AF2FCDF306005BB46D /* Main.html */; };
		288FF0B32FCDF306005BB46D /* Icon.png in Resources */ = {isa = PBXBuildFile; fileRef = 288FF0B22FCDF306005BB46D /* Icon.png */; };
		288FF0B52FCDF306005BB46D /* Style.css in Resources */ = {isa = PBXBuildFile; fileRef = 288FF0B42FCDF306005BB46D /* Style.css */; };
		288FF0B72FCDF306005BB46D /* Script.js in Resources */ = {isa = PBXBuildFile; fileRef = 288FF0B62FCDF306005BB46D /* Script.js */; };
		288FF0B92FCDF306005BB46D /* ViewController.swift in Sources */ = {isa = PBXBuildFile; fileRef = 288FF0B82FCDF306005BB46D /* ViewController.swift */; };
		288FF0BC2FCDF306005BB46D /* Main.storyboard in Resources */ = {isa = PBXBuildFile; fileRef = 288FF0BA2FCDF306005BB46D /* Main.storyboard */; };
		288FF0BE2FCDF307005BB46D /* Assets.xcassets in Resources */ = {isa = PBXBuildFile; fileRef = 288FF0BD2FCDF307005BB46D /* Assets.xcassets */; };
		288FF0C52FCDF307005BB46D /* JobTracker Extension.appex in Embed Foundation Extensions */ = {isa = PBXBuildFile; fileRef = 288FF0C42FCDF307005BB46D /* JobTracker Extension.appex */; settings = {ATTRIBUTES = (RemoveHeadersOnCopy, ); }; };
		288FF0CA2FCDF307005BB46D /* SafariWebExtensionHandler.swift in Sources */ = {isa = PBXBuildFile; fileRef = 288FF0C92FCDF307005BB46D /* SafariWebExtensionHandler.swift */; };
		288FF0DC2FCDF307005BB46D /* popup.js in Resources */ = {isa = PBXBuildFile; fileRef = 288FF0D62FCDF307005BB46D /* popup.js */; };
		288FF0DD2FCDF307005BB46D /* popup.html in Resources */ = {isa = PBXBuildFile; fileRef = 288FF0D72FCDF307005BB46D /* popup.html */; };
		288FF0DE2FCDF307005BB46D /* build.sh in Resources */ = {isa = PBXBuildFile; fileRef = 288FF0D82FCDF307005BB46D /* build.sh */; };
		288FF0DF2FCDF307005BB46D /* icons in Resources */ = {isa = PBXBuildFile; fileRef = 288FF0D92FCDF307005BB46D /* icons */; };
		288FF0E02FCDF307005BB46D /* manifest.json in Resources */ = {isa = PBXBuildFile; fileRef = 288FF0DA2FCDF307005BB46D /* manifest.json */; };
		288FF0E12FCDF307005BB46D /* content.js in Resources */ = {isa = PBXBuildFile; fileRef = 288FF0DB2FCDF307005BB46D /* content.js */; };
/* End PBXBuildFile section */

/* Begin PBXContainerItemProxy section */
		288FF0C62FCDF307005BB46D /* PBXContainerItemProxy */ = {
			isa = PBXContainerItemProxy;
			containerPortal = 288FF0A12FCDF306005BB46D /* Project object */;
			proxyType = 1;
			remoteGlobalIDString = 288FF0C32FCDF307005BB46D;
			remoteInfo = "JobTracker Extension";
		};
/* End PBXContainerItemProxy section */

/* Begin PBXCopyFilesBuildPhase section */
		288FF0D12FCDF307005BB46D /* Embed Foundation Extensions */ = {
			isa = PBXCopyFilesBuildPhase;
			buildActionMask = 2147483647;
			dstPath = "";
			dstSubfolderSpec = 13;
			files = (
				288FF0C52FCDF307005BB46D /* JobTracker Extension.appex in Embed Foundation Extensions */,
			);
			name = "Embed Foundation Extensions";
			runOnlyForDeploymentPostprocessing = 0;
		};
/* End PBXCopyFilesBuildPhase section */

/* Begin PBXFileReference section */
		288FF0A92FCDF306005BB46D /* JobTracker.app */ = {isa = PBXFileReference; explicitFileType = wrapper.application; includeInIndex = 0; path = JobTracker.app; sourceTree = BUILT_PRODUCTS_DIR; };
		288FF0AC2FCDF306005BB46D /* AppDelegate.swift */ = {isa = PBXFileReference; lastKnownFileType = sourcecode.swift; path = AppDelegate.swift; sourceTree = "<group>"; };
		288FF0B02FCDF306005BB46D /* Base */ = {isa = PBXFileReference; lastKnownFileType = text.html; name = Base; path = Base.lproj/Main.html; sourceTree = "<group>"; };
		288FF0B22FCDF306005BB46D /* Icon.png */ = {isa = PBXFileReference; lastKnownFileType = image.png; path = Icon.png; sourceTree = "<group>"; };
		288FF0B42FCDF306005BB46D /* Style.css */ = {isa = PBXFileReference; lastKnownFileType = text.css; path = Style.css; sourceTree = "<group>"; };
		288FF0B62FCDF306005BB46D /* Script.js */ = {isa = PBXFileReference; lastKnownFileType = sourcecode.javascript; path = Script.js; sourceTree = "<group>"; };
		288FF0B82FCDF306005BB46D /* ViewController.swift */ = {isa = PBXFileReference; lastKnownFileType = sourcecode.swift; path = ViewController.swift; sourceTree = "<group>"; };
		288FF0BB2FCDF306005BB46D /* Base */ = {isa = PBXFileReference; lastKnownFileType = file.storyboard; name = Base; path = Base.lproj/Main.storyboard; sourceTree = "<group>"; };
		288FF0BD2FCDF307005BB46D /* Assets.xcassets */ = {isa = PBXFileReference; lastKnownFileType = folder.assetcatalog; path = Assets.xcassets; sourceTree = "<group>"; };
		288FF0BF2FCDF307005BB46D /* Info.plist */ = {isa = PBXFileReference; lastKnownFileType = text.plist.xml; path = Info.plist; sourceTree = "<group>"; };
		288FF0C42FCDF307005BB46D /* JobTracker Extension.appex */ = {isa = PBXFileReference; explicitFileType = "wrapper.app-extension"; includeInIndex = 0; path = "JobTracker Extension.appex"; sourceTree = BUILT_PRODUCTS_DIR; };
		288FF0C92FCDF307005BB46D /* SafariWebExtensionHandler.swift */ = {isa = PBXFileReference; lastKnownFileType = sourcecode.swift; path = SafariWebExtensionHandler.swift; sourceTree = "<group>"; };
		288FF0CB2FCDF307005BB46D /* Info.plist */ = {isa = PBXFileReference; lastKnownFileType = text.plist.xml; path = Info.plist; sourceTree = "<group>"; };
		288FF0D62FCDF307005BB46D /* popup.js */ = {isa = PBXFileReference; lastKnownFileType = sourcecode.javascript; name = popup.js; path = "../../../safari-extension/popup.js"; sourceTree = "<group>"; };
		288FF0D72FCDF307005BB46D /* popup.html */ = {isa = PBXFileReference; lastKnownFileType = text.html; name = popup.html; path = "../../../safari-extension/popup.html"; sourceTree = "<group>"; };
		288FF0D82FCDF307005BB46D /* build.sh */ = {isa = PBXFileReference; lastKnownFileType = text.script.sh; name = build.sh; path = "../../../safari-extension/build.sh"; sourceTree = "<group>"; };
		288FF0D92FCDF307005BB46D /* icons */ = {isa = PBXFileReference; lastKnownFileType = folder; name = icons; path = "../../../safari-extension/icons"; sourceTree = "<group>"; };
		288FF0DA2FCDF307005BB46D /* manifest.json */ = {isa = PBXFileReference; lastKnownFileType = text.json; name = manifest.json; path = "../../../safari-extension/manifest.json"; sourceTree = "<group>"; };
		288FF0DB2FCDF307005BB46D /* content.js */ = {isa = PBXFileReference; lastKnownFileType = sourcecode.javascript; name = content.js; path = "../../../safari-extension/content.js"; sourceTree = "<group>"; };
/* End PBXFileReference section */

/* Begin PBXFrameworksBuildPhase section */
		288FF0A62FCDF306005BB46D /* Frameworks */ = {
			isa = PBXFrameworksBuildPhase;
			buildActionMask = 2147483647;
			files = (
			);
			runOnlyForDeploymentPostprocessing = 0;
		};
		288FF0C12FCDF307005BB46D /* Frameworks */ = {
			isa = PBXFrameworksBuildPhase;
			buildActionMask = 2147483647;
			files = (
			);
			runOnlyForDeploymentPostprocessing = 0;
		};
/* End PBXFrameworksBuildPhase section */

/* Begin PBXGroup section */
		288FF0A02FCDF306005BB46D = {
			isa = PBXGroup;
			children = (
				288FF0AB2FCDF306005BB46D /* JobTracker */,
				288FF0C82FCDF307005BB46D /* JobTracker Extension */,
				288FF0AA2FCDF306005BB46D /* Products */,
			);
			sourceTree = "<group>";
		};
		288FF0AA2FCDF306005BB46D /* Products */ = {
			isa = PBXGroup;
			children = (
				288FF0A92FCDF306005BB46D /* JobTracker.app */,
				288FF0C42FCDF307005BB46D /* JobTracker Extension.appex */,
			);
			name = Products;
			sourceTree = "<group>";
		};
		288FF0AB2FCDF306005BB46D /* JobTracker */ = {
			isa = PBXGroup;
			children = (
				288FF0AC2FCDF306005BB46D /* AppDelegate.swift */,
				288FF0B82FCDF306005BB46D /* ViewController.swift */,
				288FF0BA2FCDF306005BB46D /* Main.storyboard */,
				288FF0BD2FCDF307005BB46D /* Assets.xcassets */,
				288FF0BF2FCDF307005BB46D /* Info.plist */,
				288FF0AE2FCDF306005BB46D /* Resources */,
			);
			path = JobTracker;
			sourceTree = "<group>";
		};
		288FF0AE2FCDF306005BB46D /* Resources */ = {
			isa = PBXGroup;
			children = (
				288FF0AF2FCDF306005BB46D /* Main.html */,
				288FF0B22FCDF306005BB46D /* Icon.png */,
				288FF0B42FCDF306005BB46D /* Style.css */,
				288FF0B62FCDF306005BB46D /* Script.js */,
			);
			path = Resources;
			sourceTree = "<group>";
		};
		288FF0C82FCDF307005BB46D /* JobTracker Extension */ = {
			isa = PBXGroup;
			children = (
				288FF0D52FCDF307005BB46D /* Resources */,
				288FF0C92FCDF307005BB46D /* SafariWebExtensionHandler.swift */,
				288FF0CB2FCDF307005BB46D /* Info.plist */,
			);
			path = "JobTracker Extension";
			sourceTree = "<group>";
		};
		288FF0D52FCDF307005BB46D /* Resources */ = {
			isa = PBXGroup;
			children = (
				288FF0D62FCDF307005BB46D /* popup.js */,
				288FF0D72FCDF307005BB46D /* popup.html */,
				288FF0D82FCDF307005BB46D /* build.sh */,
				288FF0D92FCDF307005BB46D /* icons */,
				288FF0DA2FCDF307005BB46D /* manifest.json */,
				288FF0DB2FCDF307005BB46D /* content.js */,
			);
			name = Resources;
			path = "JobTracker Extension";
			sourceTree = SOURCE_ROOT;
		};
/* End PBXGroup section */

/* Begin PBXNativeTarget section */
		288FF0A82FCDF306005BB46D /* JobTracker */ = {
			isa = PBXNativeTarget;
			buildConfigurationList = 288FF0D22FCDF307005BB46D /* Build configuration list for PBXNativeTarget "JobTracker" */;
			buildPhases = (
				288FF0A52FCDF306005BB46D /* Sources */,
				288FF0A62FCDF306005BB46D /* Frameworks */,
				288FF0A72FCDF306005BB46D /* Resources */,
				288FF0D12FCDF307005BB46D /* Embed Foundation Extensions */,
			);
			buildRules = (
			);
			dependencies = (
				288FF0C72FCDF307005BB46D /* PBXTargetDependency */,
			);
			name = JobTracker;
			packageProductDependencies = (
			);
			productName = JobTracker;
			productReference = 288FF0A92FCDF306005BB46D /* JobTracker.app */;
			productType = "com.apple.product-type.application";
		};
		288FF0C32FCDF307005BB46D /* JobTracker Extension */ = {
			isa = PBXNativeTarget;
			buildConfigurationList = 288FF0CE2FCDF307005BB46D /* Build configuration list for PBXNativeTarget "JobTracker Extension" */;
			buildPhases = (
				288FF0C02FCDF307005BB46D /* Sources */,
				288FF0C12FCDF307005BB46D /* Frameworks */,
				288FF0C22FCDF307005BB46D /* Resources */,
			);
			buildRules = (
			);
			dependencies = (
			);
			name = "JobTracker Extension";
			packageProductDependencies = (
			);
			productName = "JobTracker Extension";
			productReference = 288FF0C42FCDF307005BB46D /* JobTracker Extension.appex */;
			productType = "com.apple.product-type.app-extension";
		};
/* End PBXNativeTarget section */

/* Begin PBXProject section */
		288FF0A12FCDF306005BB46D /* Project object */ = {
			isa = PBXProject;
			attributes = {
				BuildIndependentTargetsInParallel = 1;
				LastSwiftUpdateCheck = 2650;
				LastUpgradeCheck = 2650;
				TargetAttributes = {
					288FF0A82FCDF306005BB46D = {
						CreatedOnToolsVersion = 26.5;
					};
					288FF0C32FCDF307005BB46D = {
						CreatedOnToolsVersion = 26.5;
					};
				};
			};
			buildConfigurationList = 288FF0A42FCDF306005BB46D /* Build configuration list for PBXProject "JobTracker" */;
			developmentRegion = en;
			hasScannedForEncodings = 0;
			knownRegions = (
				en,
				Base,
			);
			mainGroup = 288FF0A02FCDF306005BB46D;
			minimizedProjectReferenceProxies = 1;
			preferredProjectObjectVersion = 77;
			productRefGroup = 288FF0AA2FCDF306005BB46D /* Products */;
			projectDirPath = "";
			projectRoot = "";
			targets = (
				288FF0A82FCDF306005BB46D /* JobTracker */,
				288FF0C32FCDF307005BB46D /* JobTracker Extension */,
			);
		};
/* End PBXProject section */

/* Begin PBXResourcesBuildPhase section */
		288FF0A72FCDF306005BB46D /* Resources */ = {
			isa = PBXResourcesBuildPhase;
			buildActionMask = 2147483647;
			files = (
				288FF0B32FCDF306005BB46D /* Icon.png in Resources */,
				288FF0BC2FCDF306005BB46D /* Main.storyboard in Resources */,
				288FF0B72FCDF306005BB46D /* Script.js in Resources */,
				288FF0B12FCDF306005BB46D /* Main.html in Resources */,
				288FF0BE2FCDF307005BB46D /* Assets.xcassets in Resources */,
				288FF0B52FCDF306005BB46D /* Style.css in Resources */,
			);
			runOnlyForDeploymentPostprocessing = 0;
		};
		288FF0C22FCDF307005BB46D /* Resources */ = {
			isa = PBXResourcesBuildPhase;
			buildActionMask = 2147483647;
			files = (
				288FF0E12FCDF307005BB46D /* content.js in Resources */,
				288FF0DE2FCDF307005BB46D /* build.sh in Resources */,
				288FF0DF2FCDF307005BB46D /* icons in Resources */,
				288FF0E02FCDF307005BB46D /* manifest.json in Resources */,
				288FF0DC2FCDF307005BB46D /* popup.js in Resources */,
				288FF0DD2FCDF307005BB46D /* popup.html in Resources */,
			);
			runOnlyForDeploymentPostprocessing = 0;
		};
/* End PBXResourcesBuildPhase section */

/* Begin PBXSourcesBuildPhase section */
		288FF0A52FCDF306005BB46D /* Sources */ = {
			isa = PBXSourcesBuildPhase;
			buildActionMask = 2147483647;
			files = (
				288FF0B92FCDF306005BB46D /* ViewController.swift in Sources */,
				288FF0AD2FCDF306005BB46D /* AppDelegate.swift in Sources */,
			);
			runOnlyForDeploymentPostprocessing = 0;
		};
		288FF0C02FCDF307005BB46D /* Sources */ = {
			isa = PBXSourcesBuildPhase;
			buildActionMask = 2147483647;
			files = (
				288FF0CA2FCDF307005BB46D /* SafariWebExtensionHandler.swift in Sources */,
			);
			runOnlyForDeploymentPostprocessing = 0;
		};
/* End PBXSourcesBuildPhase section */

/* Begin PBXTargetDependency section */
		288FF0C72FCDF307005BB46D /* PBXTargetDependency */ = {
			isa = PBXTargetDependency;
			target = 288FF0C32FCDF307005BB46D /* JobTracker Extension */;
			targetProxy = 288FF0C62FCDF307005BB46D /* PBXContainerItemProxy */;
		};
/* End PBXTargetDependency section */

/* Begin PBXVariantGroup section */
		288FF0AF2FCDF306005BB46D /* Main.html */ = {
			isa = PBXVariantGroup;
			children = (
				288FF0B02FCDF306005BB46D /* Base */,
			);
			name = Main.html;
			sourceTree = "<group>";
		};
		288FF0BA2FCDF306005BB46D /* Main.storyboard */ = {
			isa = PBXVariantGroup;
			children = (
				288FF0BB2FCDF306005BB46D /* Base */,
			);
			name = Main.storyboard;
			sourceTree = "<group>";
		};
/* End PBXVariantGroup section */

/* Begin XCBuildConfiguration section */
		288FF0CC2FCDF307005BB46D /* Debug */ = {
			isa = XCBuildConfiguration;
			buildSettings = {
				ALWAYS_SEARCH_USER_PATHS = NO;
				ASSETCATALOG_COMPILER_GENERATE_SWIFT_ASSET_SYMBOL_EXTENSIONS = YES;
				CLANG_ANALYZER_NONNULL = YES;
				CLANG_ANALYZER_NUMBER_OBJECT_CONVERSION = YES_AGGRESSIVE;
				CLANG_CXX_LANGUAGE_STANDARD = "gnu++20";
				CLANG_ENABLE_MODULES = YES;
				CLANG_ENABLE_OBJC_ARC = YES;
				CLANG_ENABLE_OBJC_WEAK = YES;
				CLANG_WARN_BLOCK_CAPTURE_AUTORELEASING = YES;
				CLANG_WARN_BOOL_CONVERSION = YES;
				CLANG_WARN_COMMA = YES;
				CLANG_WARN_CONSTANT_CONVERSION = YES;
				CLANG_WARN_DEPRECATED_OBJC_IMPLEMENTATIONS = YES;
				CLANG_WARN_DIRECT_OBJC_ISA_USAGE = YES_ERROR;
				CLANG_WARN_DOCUMENTATION_COMMENTS = YES;
				CLANG_WARN_EMPTY_BODY = YES;
				CLANG_WARN_ENUM_CONVERSION = YES;
				CLANG_WARN_INFINITE_RECURSION = YES;
				CLANG_WARN_INT_CONVERSION = YES;
				CLANG_WARN_NON_LITERAL_NULL_CONVERSION = YES;
				CLANG_WARN_OBJC_IMPLICIT_RETAIN_SELF = YES;
				CLANG_WARN_OBJC_LITERAL_CONVERSION = YES;
				CLANG_WARN_OBJC_ROOT_CLASS = YES_ERROR;
				CLANG_WARN_QUOTED_INCLUDE_IN_FRAMEWORK_HEADER = YES;
				CLANG_WARN_RANGE_LOOP_ANALYSIS = YES;
				CLANG_WARN_STRICT_PROTOTYPES = YES;
				CLANG_WARN_SUSPICIOUS_MOVE = YES;
				CLANG_WARN_UNGUARDED_AVAILABILITY = YES_AGGRESSIVE;
				CLANG_WARN_UNREACHABLE_CODE = YES;
				CLANG_WARN__DUPLICATE_METHOD_MATCH = YES;
				COPY_PHASE_STRIP = NO;
				DEBUG_INFORMATION_FORMAT = dwarf;
				ENABLE_STRICT_OBJC_MSGSEND = YES;
				ENABLE_TESTABILITY = YES;
				ENABLE_USER_SCRIPT_SANDBOXING = YES;
				GCC_C_LANGUAGE_STANDARD = gnu17;
				GCC_DYNAMIC_NO_PIC = NO;
				GCC_NO_COMMON_BLOCKS = YES;
				GCC_OPTIMIZATION_LEVEL = 0;
				GCC_PREPROCESSOR_DEFINITIONS = (
					"DEBUG=1",
					"$(inherited)",
				);
				GCC_WARN_64_TO_32_BIT_CONVERSION = YES;
				GCC_WARN_ABOUT_RETURN_TYPE = YES_ERROR;
				GCC_WARN_UNDECLARED_SELECTOR = YES;
				GCC_WARN_UNINITIALIZED_AUTOS = YES_AGGRESSIVE;
				GCC_WARN_UNUSED_FUNCTION = YES;
				GCC_WARN_UNUSED_VARIABLE = YES;
				LOCALIZATION_PREFERS_STRING_CATALOGS = YES;
				MACOSX_DEPLOYMENT_TARGET = 26.5;
				MTL_ENABLE_DEBUG_INFO = INCLUDE_SOURCE;
				MTL_FAST_MATH = YES;
				ONLY_ACTIVE_ARCH = YES;
				SDKROOT = macosx;
				SWIFT_ACTIVE_COMPILATION_CONDITIONS = "DEBUG $(inherited)";
				SWIFT_OPTIMIZATION_LEVEL = "-Onone";
			};
			name = Debug;
		};
		288FF0CD2FCDF307005BB46D /* Release */ = {
			isa = XCBuildConfiguration;
			buildSettings = {
				ALWAYS_SEARCH_USER_PATHS = NO;
				ASSETCATALOG_COMPILER_GENERATE_SWIFT_ASSET_SYMBOL_EXTENSIONS = YES;
				CLANG_ANALYZER_NONNULL = YES;
				CLANG_ANALYZER_NUMBER_OBJECT_CONVERSION = YES_AGGRESSIVE;
				CLANG_CXX_LANGUAGE_STANDARD = "gnu++20";
				CLANG_ENABLE_MODULES = YES;
				CLANG_ENABLE_OBJC_ARC = YES;
				CLANG_ENABLE_OBJC_WEAK = YES;
				CLANG_WARN_BLOCK_CAPTURE_AUTORELEASING = YES;
				CLANG_WARN_BOOL_CONVERSION = YES;
				CLANG_WARN_COMMA = YES;
				CLANG_WARN_CONSTANT_CONVERSION = YES;
				CLANG_WARN_DEPRECATED_OBJC_IMPLEMENTATIONS = YES;
				CLANG_WARN_DIRECT_OBJC_ISA_USAGE = YES_ERROR;
				CLANG_WARN_DOCUMENTATION_COMMENTS = YES;
				CLANG_WARN_EMPTY_BODY = YES;
				CLANG_WARN_ENUM_CONVERSION = YES;
				CLANG_WARN_INFINITE_RECURSION = YES;
				CLANG_WARN_INT_CONVERSION = YES;
				CLANG_WARN_NON_LITERAL_NULL_CONVERSION = YES;
				CLANG_WARN_OBJC_IMPLICIT_RETAIN_SELF = YES;
				CLANG_WARN_OBJC_LITERAL_CONVERSION = YES;
				CLANG_WARN_OBJC_ROOT_CLASS = YES_ERROR;
				CLANG_WARN_QUOTED_INCLUDE_IN_FRAMEWORK_HEADER = YES;
				CLANG_WARN_RANGE_LOOP_ANALYSIS = YES;
				CLANG_WARN_STRICT_PROTOTYPES = YES;
				CLANG_WARN_SUSPICIOUS_MOVE = YES;
				CLANG_WARN_UNGUARDED_AVAILABILITY = YES_AGGRESSIVE;
				CLANG_WARN_UNREACHABLE_CODE = YES;
				CLANG_WARN__DUPLICATE_METHOD_MATCH = YES;
				COPY_PHASE_STRIP = NO;
				DEBUG_INFORMATION_FORMAT = "dwarf-with-dsym";
				ENABLE_NS_ASSERTIONS = NO;
				ENABLE_STRICT_OBJC_MSGSEND = YES;
				ENABLE_USER_SCRIPT_SANDBOXING = YES;
				GCC_C_LANGUAGE_STANDARD = gnu17;
				GCC_NO_COMMON_BLOCKS = YES;
				GCC_WARN_64_TO_32_BIT_CONVERSION = YES;
				GCC_WARN_ABOUT_RETURN_TYPE = YES_ERROR;
				GCC_WARN_UNDECLARED_SELECTOR = YES;
				GCC_WARN_UNINITIALIZED_AUTOS = YES_AGGRESSIVE;
				GCC_WARN_UNUSED_FUNCTION = YES;
				GCC_WARN_UNUSED_VARIABLE = YES;
				LOCALIZATION_PREFERS_STRING_CATALOGS = YES;
				MACOSX_DEPLOYMENT_TARGET = 26.5;
				MTL_ENABLE_DEBUG_INFO = NO;
				MTL_FAST_MATH = YES;
				SDKROOT = macosx;
				SWIFT_COMPILATION_MODE = wholemodule;
			};
			name = Release;
		};
		288FF0CF2FCDF307005BB46D /* Debug */ = {
			isa = XCBuildConfiguration;
			buildSettings = {
				CODE_SIGN_STYLE = Automatic;
				CURRENT_PROJECT_VERSION = 1;
				ENABLE_APP_SANDBOX = YES;
				ENABLE_HARDENED_RUNTIME = YES;
				ENABLE_USER_SELECTED_FILES = readonly;
				GENERATE_INFOPLIST_FILE = YES;
				INFOPLIST_FILE = "JobTracker Extension/Info.plist";
				INFOPLIST_KEY_CFBundleDisplayName = "JobTracker Extension";
				INFOPLIST_KEY_NSHumanReadableCopyright = "";
				LD_RUNPATH_SEARCH_PATHS = (
					"$(inherited)",
					"@executable_path/../Frameworks",
					"@executable_path/../../../../Frameworks",
				);
				MACOSX_DEPLOYMENT_TARGET = 10.14;
				MARKETING_VERSION = 1.0;
				OTHER_LDFLAGS = (
					"-framework",
					SafariServices,
				);
				PRODUCT_BUNDLE_IDENTIFIER = com.matthewfitzgerald.jobtracker.Extension;
				PRODUCT_NAME = "$(TARGET_NAME)";
				SKIP_INSTALL = YES;
				STRING_CATALOG_GENERATE_SYMBOLS = YES;
				SWIFT_APPROACHABLE_CONCURRENCY = YES;
				SWIFT_EMIT_LOC_STRINGS = YES;
				SWIFT_UPCOMING_FEATURE_MEMBER_IMPORT_VISIBILITY = YES;
				SWIFT_VERSION = 5.0;
			};
			name = Debug;
		};
		288FF0D02FCDF307005BB46D /* Release */ = {
			isa = XCBuildConfiguration;
			buildSettings = {
				CODE_SIGN_STYLE = Automatic;
				CURRENT_PROJECT_VERSION = 1;
				ENABLE_APP_SANDBOX = YES;
				ENABLE_HARDENED_RUNTIME = YES;
				ENABLE_USER_SELECTED_FILES = readonly;
				GENERATE_INFOPLIST_FILE = YES;
				INFOPLIST_FILE = "JobTracker Extension/Info.plist";
				INFOPLIST_KEY_CFBundleDisplayName = "JobTracker Extension";
				INFOPLIST_KEY_NSHumanReadableCopyright = "";
				LD_RUNPATH_SEARCH_PATHS = (
					"$(inherited)",
					"@executable_path/../Frameworks",
					"@executable_path/../../../../Frameworks",
				);
				MACOSX_DEPLOYMENT_TARGET = 10.14;
				MARKETING_VERSION = 1.0;
				OTHER_LDFLAGS = (
					"-framework",
					SafariServices,
				);
				PRODUCT_BUNDLE_IDENTIFIER = com.matthewfitzgerald.jobtracker.Extension;
				PRODUCT_NAME = "$(TARGET_NAME)";
				SKIP_INSTALL = YES;
				STRING_CATALOG_GENERATE_SYMBOLS = YES;
				SWIFT_APPROACHABLE_CONCURRENCY = YES;
				SWIFT_EMIT_LOC_STRINGS = YES;
				SWIFT_UPCOMING_FEATURE_MEMBER_IMPORT_VISIBILITY = YES;
				SWIFT_VERSION = 5.0;
			};
			name = Release;
		};
		288FF0D32FCDF307005BB46D /* Debug */ = {
			isa = XCBuildConfiguration;
			buildSettings = {
				ASSETCATALOG_COMPILER_APPICON_NAME = AppIcon;
				ASSETCATALOG_COMPILER_GLOBAL_ACCENT_COLOR_NAME = AccentColor;
				CODE_SIGN_STYLE = Automatic;
				COMBINE_HIDPI_IMAGES = YES;
				CURRENT_PROJECT_VERSION = 1;
				ENABLE_APP_SANDBOX = YES;
				ENABLE_HARDENED_RUNTIME = YES;
				ENABLE_OUTGOING_NETWORK_CONNECTIONS = YES;
				ENABLE_USER_SELECTED_FILES = readonly;
				GENERATE_INFOPLIST_FILE = YES;
				INFOPLIST_FILE = JobTracker/Info.plist;
				INFOPLIST_KEY_CFBundleDisplayName = JobTracker;
				INFOPLIST_KEY_NSHumanReadableCopyright = "";
				INFOPLIST_KEY_NSMainStoryboardFile = Main;
				INFOPLIST_KEY_NSPrincipalClass = NSApplication;
				LD_RUNPATH_SEARCH_PATHS = (
					"$(inherited)",
					"@executable_path/../Frameworks",
				);
				MARKETING_VERSION = 1.0;
				OTHER_LDFLAGS = (
					"-framework",
					SafariServices,
					"-framework",
					WebKit,
				);
				PRODUCT_BUNDLE_IDENTIFIER = com.matthewfitzgerald.JobTracker;
				PRODUCT_NAME = "$(TARGET_NAME)";
				REGISTER_APP_GROUPS = YES;
				STRING_CATALOG_GENERATE_SYMBOLS = YES;
				SWIFT_APPROACHABLE_CONCURRENCY = YES;
				SWIFT_DEFAULT_ACTOR_ISOLATION = MainActor;
				SWIFT_EMIT_LOC_STRINGS = YES;
				SWIFT_UPCOMING_FEATURE_MEMBER_IMPORT_VISIBILITY = YES;
				SWIFT_VERSION = 5.0;
			};
			name = Debug;
		};
		288FF0D42FCDF307005BB46D /* Release */ = {
			isa = XCBuildConfiguration;
			buildSettings = {
				ASSETCATALOG_COMPILER_APPICON_NAME = AppIcon;
				ASSETCATALOG_COMPILER_GLOBAL_ACCENT_COLOR_NAME = AccentColor;
				CODE_SIGN_STYLE = Automatic;
				COMBINE_HIDPI_IMAGES = YES;
				CURRENT_PROJECT_VERSION = 1;
				ENABLE_APP_SANDBOX = YES;
				ENABLE_HARDENED_RUNTIME = YES;
				ENABLE_OUTGOING_NETWORK_CONNECTIONS = YES;
				ENABLE_USER_SELECTED_FILES = readonly;
				GENERATE_INFOPLIST_FILE = YES;
				INFOPLIST_FILE = JobTracker/Info.plist;
				INFOPLIST_KEY_CFBundleDisplayName = JobTracker;
				INFOPLIST_KEY_NSHumanReadableCopyright = "";
				INFOPLIST_KEY_NSMainStoryboardFile = Main;
				INFOPLIST_KEY_NSPrincipalClass = NSApplication;
				LD_RUNPATH_SEARCH_PATHS = (
					"$(inherited)",
					"@executable_path/../Frameworks",
				);
				MARKETING_VERSION = 1.0;
				OTHER_LDFLAGS = (
					"-framework",
					SafariServices,
					"-framework",
					WebKit,
				);
				PRODUCT_BUNDLE_IDENTIFIER = com.matthewfitzgerald.JobTracker;
				PRODUCT_NAME = "$(TARGET_NAME)";
				REGISTER_APP_GROUPS = YES;
				STRING_CATALOG_GENERATE_SYMBOLS = YES;
				SWIFT_APPROACHABLE_CONCURRENCY = YES;
				SWIFT_DEFAULT_ACTOR_ISOLATION = MainActor;
				SWIFT_EMIT_LOC_STRINGS = YES;
				SWIFT_UPCOMING_FEATURE_MEMBER_IMPORT_VISIBILITY = YES;
				SWIFT_VERSION = 5.0;
			};
			name = Release;
		};
/* End XCBuildConfiguration section */

/* Begin XCConfigurationList section */
		288FF0A42FCDF306005BB46D /* Build configuration list for PBXProject "JobTracker" */ = {
			isa = XCConfigurationList;
			buildConfigurations = (
				288FF0CC2FCDF307005BB46D /* Debug */,
				288FF0CD2FCDF307005BB46D /* Release */,
			);
			defaultConfigurationIsVisible = 0;
			defaultConfigurationName = Release;
		};
		288FF0CE2FCDF307005BB46D /* Build configuration list for PBXNativeTarget "JobTracker Extension" */ = {
			isa = XCConfigurationList;
			buildConfigurations = (
				288FF0CF2FCDF307005BB46D /* Debug */,
				288FF0D02FCDF307005BB46D /* Release */,
			);
			defaultConfigurationIsVisible = 0;
			defaultConfigurationName = Release;
		};
		288FF0D22FCDF307005BB46D /* Build configuration list for PBXNativeTarget "JobTracker" */ = {
			isa = XCConfigurationList;
			buildConfigurations = (
				288FF0D32FCDF307005BB46D /* Debug */,
				288FF0D42FCDF307005BB46D /* Release */,
			);
			defaultConfigurationIsVisible = 0;
			defaultConfigurationName = Release;
		};
/* End XCConfigurationList section */
	};
	rootObject = 288FF0A12FCDF306005BB46D /* Project object */;
}
